
Microsoft Visual Studio Solution File, Format Version 12.00
# Visual Studio Version 17
VisualStudioVersion = 17.0.31903.59
MinimumVisualStudioVersion = 10.0.40219.1
Project("{9A19103F-16F7-4668-BE54-9A1E7A4F7556}") = "AccountLedger.API", "AccountLedger.API\AccountLedger.API.csproj", "{1C646F17-4D1E-44CC-9B05-2568DF4D836D}"
EndProject
Project("{9A19103F-16F7-4668-BE54-9A1E7A4F7556}") = "AccountLedger", "AccountLedger.Web\AccountLedger.csproj", "{70297F6C-F455-42EC-BD3A-0C52CB68B08A}"
EndProject
Global
	GlobalSection(SolutionConfigurationPlatforms) = preSolution
		Debug|Any CPU = Debug|Any CPU
		Release|Any CPU = Release|Any CPU
	EndGlobalSection
	GlobalSection(ProjectConfigurationPlatforms) = postSolution
		{1C646F17-4D1E-44CC-9B05-2568DF4D836D}.Debug|Any CPU.ActiveCfg = Debug|Any CPU
		{1C646F17-4D1E-44CC-9B05-2568DF4D836D}.Debug|Any CPU.Build.0 = Debug|Any CPU
		{1C646F17-4D1E-44CC-9B05-2568DF4D836D}.Release|Any CPU.ActiveCfg = Release|Any CPU
		{1C646F17-4D1E-44CC-9B05-2568DF4D836D}.Release|Any CPU.Build.0 = Release|Any CPU
		{70297F6C-F455-42EC-BD3A-0C52CB68B08A}.Debug|Any CPU.ActiveCfg = Debug|Any CPU
		{70297F6C-F455-42EC-BD3A-0C52CB68B08A}.Debug|Any CPU.Build.0 = Debug|Any CPU
		{70297F6C-F455-42EC-BD3A-0C52CB68B08A}.Release|Any CPU.ActiveCfg = Release|Any CPU
		{70297F6C-F455-42EC-BD3A-0C52CB68B08A}.Release|Any CPU.Build.0 = Release|Any CPU
	EndGlobalSection
	GlobalSection(SolutionProperties) = preSolution
		HideSolutionNode = FALSE
	EndGlobalSection
	GlobalSection(ExtensibilityGlobals) = postSolution
		SolutionGuid = {1BF709D4-EDA5-410D-9956-155D256B43C8}
	EndGlobalSection
EndGlobal
